{
    "name": "fpga-support",
    "version": "0.2.4",
    "lockfileVersion": 2,
    "requires": true,
    "packages": {
        "": {
            "name": "fpga-support",
            "version": "0.2.4",
            "dependencies": {
                "antlr4": "^4.8.0",
                "chokidar": "^3.5.3",
                "state-machine-cat": "^9.2.5"
            },
            "devDependencies": {},
            "engines": {
                "vscode": "^1.42.1"
            }
        },
        "node_modules/ajv": {
            "version": "8.11.0",
            "resolved": "https://registry.npmjs.org/ajv/-/ajv-8.11.0.tgz",
            "integrity": "sha512-wGgprdCvMalC0BztXvitD2hC04YffAvtsUn93JbGXYLAtCUO4xd17mCCZQxUOItiBwZvJScWo8NIvQMQ71rdpg==",
            "dependencies": {
                "fast-deep-equal": "^3.1.1",
                "json-schema-traverse": "^1.0.0",
                "require-from-string": "^2.0.2",
                "uri-js": "^4.2.2"
            },
            "funding": {
                "type": "github",
                "url": "https://github.com/sponsors/epoberezkin"
            }
        },
        "node_modules/ansi-regex": {
            "version": "6.0.1",
            "resolved": "https://registry.npmjs.org/ansi-regex/-/ansi-regex-6.0.1.tgz",
            "integrity": "sha512-n5M855fKb2SsfMIiFFoVrABHJC8QtHwVx+mHWP3QcEqBHYienj5dHSgjbxtC0WEZXYt4wcD6zrQElDPhFuZgfA==",
            "engines": {
                "node": ">=12"
            },
            "funding": {
                "url": "https://github.com/chalk/ansi-regex?sponsor=1"
            }
        },
        "node_modules/ansi-styles": {
            "version": "6.1.0",
            "resolved": "https://registry.npmjs.org/ansi-styles/-/ansi-styles-6.1.0.tgz",
            "integrity": "sha512-VbqNsoz55SYGczauuup0MFUyXNQviSpFTj1RQtFzmQLk18qbVSpTFFGMT293rmDaQuKCT6InmbuEyUne4mTuxQ==",
            "engines": {
                "node": ">=12"
            },
            "funding": {
                "url": "https://github.com/chalk/ansi-styles?sponsor=1"
            }
        },
        "node_modules/antlr4": {
            "version": "4.10.1",
            "resolved": "https://registry.npmjs.org/antlr4/-/antlr4-4.10.1.tgz",
            "integrity": "sha512-fmxidcOwmktzHUD+tz8y/zKLI/NfVAB0+MOvnFUBzo8ToFnphK8JY88oOJeRdhnTrAhjtu45bvxddzbb8nMeIA==",
            "engines": {
                "node": ">=14"
            }
        },
        "node_modules/anymatch": {
            "version": "3.1.2",
            "resolved": "https://registry.npmjs.org/anymatch/-/anymatch-3.1.2.tgz",
            "integrity": "sha512-P43ePfOAIupkguHUycrc4qJ9kz8ZiuOUijaETwX7THt0Y/GNK7v0aa8rY816xWjZ7rJdA5XdMcpVFTKMq+RvWg==",
            "dependencies": {
                "normalize-path": "^3.0.0",
                "picomatch": "^2.0.4"
            },
            "engines": {
                "node": ">= 8"
            }
        },
        "node_modules/binary-extensions": {
            "version": "2.2.0",
            "resolved": "https://registry.npmjs.org/binary-extensions/-/binary-extensions-2.2.0.tgz",
            "integrity": "sha512-jDctJ/IVQbZoJykoeHbhXpOlNBqGNcwXJKJog42E5HDPUwQTSdjCHdihjj0DlnheQ7blbT6dHOafNAiS8ooQKA==",
            "engines": {
                "node": ">=8"
            }
        },
        "node_modules/braces": {
            "version": "3.0.2",
            "resolved": "https://registry.npmjs.org/braces/-/braces-3.0.2.tgz",
            "integrity": "sha512-b8um+L1RzM3WDSzvhm6gIz1yfTbBt6YTlcEKAvsmqCZZFw46z626lVj9j1yEPW33H5H+lBQpZMP1k8l+78Ha0A==",
            "dependencies": {
                "fill-range": "^7.0.1"
            },
            "engines": {
                "node": ">=8"
            }
        },
        "node_modules/chalk": {
            "version": "5.0.1",
            "resolved": "https://registry.npmjs.org/chalk/-/chalk-5.0.1.tgz",
            "integrity": "sha512-Fo07WOYGqMfCWHOzSXOt2CxDbC6skS/jO9ynEcmpANMoPrD+W1r1K6Vx7iNm+AQmETU1Xr2t+n8nzkV9t6xh3w==",
            "engines": {
                "node": "^12.17.0 || ^14.13 || >=16.0.0"
            },
            "funding": {
                "url": "https://github.com/chalk/chalk?sponsor=1"
            }
        },
        "node_modules/chokidar": {
            "version": "3.5.3",
            "resolved": "https://registry.npmjs.org/chokidar/-/chokidar-3.5.3.tgz",
            "integrity": "sha512-Dr3sfKRP6oTcjf2JmUmFJfeVMvXBdegxB0iVQ5eb2V10uFJUCAS8OByZdVAyVb8xXNz3GjjTgj9kLWsZTqE6kw==",
            "funding": [
                {
                    "type": "individual",
                    "url": "https://paulmillr.com/funding/"
                }
            ],
            "dependencies": {
                "anymatch": "~3.1.2",
                "braces": "~3.0.2",
                "glob-parent": "~5.1.2",
                "is-binary-path": "~2.1.0",
                "is-glob": "~4.0.1",
                "normalize-path": "~3.0.0",
                "readdirp": "~3.6.0"
            },
            "engines": {
                "node": ">= 8.10.0"
            },
            "optionalDependencies": {
                "fsevents": "~2.3.2"
            }
        },
        "node_modules/commander": {
            "version": "9.2.0",
            "resolved": "https://registry.npmjs.org/commander/-/commander-9.2.0.tgz",
            "integrity": "sha512-e2i4wANQiSXgnrBlIatyHtP1odfUp0BbV5Y5nEGbxtIrStkEOAAzCUirvLBNXHLr7kwLvJl6V+4V3XV9x7Wd9w==",
            "engines": {
                "node": "^12.20.0 || >=14"
            }
        },
        "node_modules/eastasianwidth": {
            "version": "0.2.0",
            "resolved": "https://registry.npmjs.org/eastasianwidth/-/eastasianwidth-0.2.0.tgz",
            "integrity": "sha512-I88TYZWc9XiYHRQ4/3c5rjjfgkjhLyW2luGIheGERbNQ6OY7yTybanSpDXZa8y7VUP9YmDcYa+eyq4ca7iLqWA=="
        },
        "node_modules/emoji-regex": {
            "version": "9.2.2",
            "resolved": "https://registry.npmjs.org/emoji-regex/-/emoji-regex-9.2.2.tgz",
            "integrity": "sha512-L18DaJsXSUk2+42pv8mLs5jJT2hqFkFE4j21wOmgbUqsZ2hL72NsUU785g9RXgo3s0ZNgVl42TiHp3ZtOv/Vyg=="
        },
        "node_modules/fast-deep-equal": {
            "version": "3.1.3",
            "resolved": "https://registry.npmjs.org/fast-deep-equal/-/fast-deep-equal-3.1.3.tgz",
            "integrity": "sha512-f3qQ9oQy9j2AhBe/H9VC91wLmKBCCU/gDOnKNAYG5hswO7BLKj09Hc5HYNz9cGI++xlpDCIgDaitVs03ATR84Q=="
        },
        "node_modules/fast-xml-parser": {
            "version": "3.21.1",
            "resolved": "https://registry.npmjs.org/fast-xml-parser/-/fast-xml-parser-3.21.1.tgz",
            "integrity": "sha512-FTFVjYoBOZTJekiUsawGsSYV9QL0A+zDYCRj7y34IO6Jg+2IMYEtQa+bbictpdpV8dHxXywqU7C0gRDEOFtBFg==",
            "dependencies": {
                "strnum": "^1.0.4"
            },
            "bin": {
                "xml2js": "cli.js"
            },
            "funding": {
                "type": "paypal",
                "url": "https://paypal.me/naturalintelligence"
            }
        },
        "node_modules/fill-range": {
            "version": "7.0.1",
            "resolved": "https://registry.npmjs.org/fill-range/-/fill-range-7.0.1.tgz",
            "integrity": "sha512-qOo9F+dMUmC2Lcb4BbVvnKJxTPjCm+RRpe4gDuGrzkL7mEVl/djYSu2OdQ2Pa302N4oqkSg9ir6jaLWJ2USVpQ==",
            "dependencies": {
                "to-regex-range": "^5.0.1"
            },
            "engines": {
                "node": ">=8"
            }
        },
        "node_modules/fsevents": {
            "version": "2.3.2",
            "resolved": "https://registry.npmjs.org/fsevents/-/fsevents-2.3.2.tgz",
            "integrity": "sha512-xiqMQR4xAeHTuB9uWm+fFRcIOgKBMiOBP+eXiyT7jsgVCq1bkVygt00oASowB7EdtpOHaaPgKt812P9ab+DDKA==",
            "hasInstallScript": true,
            "optional": true,
            "os": [
                "darwin"
            ],
            "engines": {
                "node": "^8.16.0 || ^10.6.0 || >=11.0.0"
            }
        },
        "node_modules/get-stream": {
            "version": "6.0.1",
            "resolved": "https://registry.npmjs.org/get-stream/-/get-stream-6.0.1.tgz",
            "integrity": "sha512-ts6Wi+2j3jQjqi70w5AlN8DFnkSwC+MqmxEzdEALB2qXZYV3X/b1CTfgPLGJNMeAWxdPfU8FO1ms3NUfaHCPYg==",
            "engines": {
                "node": ">=10"
            },
            "funding": {
                "url": "https://github.com/sponsors/sindresorhus"
            }
        },
        "node_modules/glob-parent": {
            "version": "5.1.2",
            "resolved": "https://registry.npmjs.org/glob-parent/-/glob-parent-5.1.2.tgz",
            "integrity": "sha512-AOIgSQCepiJYwP3ARnGx+5VnTu2HBYdzbGP45eLw1vr3zB3vZLeyed1sC9hnbcOc9/SrMyM5RPQrkGz4aS9Zow==",
            "dependencies": {
                "is-glob": "^4.0.1"
            },
            "engines": {
                "node": ">= 6"
            }
        },
        "node_modules/handlebars": {
            "version": "4.7.7",
            "resolved": "https://registry.npmjs.org/handlebars/-/handlebars-4.7.7.tgz",
            "integrity": "sha512-aAcXm5OAfE/8IXkcZvCepKU3VzW1/39Fb5ZuqMtgI/hT8X2YgoMvBY5dLhq/cpOvw7Lk1nK/UF71aLG/ZnVYRA==",
            "dependencies": {
                "minimist": "^1.2.5",
                "neo-async": "^2.6.0",
                "source-map": "^0.6.1",
                "wordwrap": "^1.0.0"
            },
            "bin": {
                "handlebars": "bin/handlebars"
            },
            "engines": {
                "node": ">=0.4.7"
            },
            "optionalDependencies": {
                "uglify-js": "^3.1.4"
            }
        },
        "node_modules/he": {
            "version": "1.2.0",
            "resolved": "https://registry.npmjs.org/he/-/he-1.2.0.tgz",
            "integrity": "sha512-F/1DnUGPopORZi0ni+CvrCgHQ5FyEAHRLSApuYWMmrbSwoN2Mn/7k+Gl38gJnR7yyDZk6WLXwiGod1JOWNDKGw==",
            "bin": {
                "he": "bin/he"
            }
        },
        "node_modules/indent-string": {
            "version": "5.0.0",
            "resolved": "https://registry.npmjs.org/indent-string/-/indent-string-5.0.0.tgz",
            "integrity": "sha512-m6FAo/spmsW2Ab2fU35JTYwtOKa2yAwXSwgjSv1TJzh4Mh7mC3lzAOVLBprb72XsTrgkEIsl7YrFNAiDiRhIGg==",
            "engines": {
                "node": ">=12"
            },
            "funding": {
                "url": "https://github.com/sponsors/sindresorhus"
            }
        },
        "node_modules/is-binary-path": {
            "version": "2.1.0",
            "resolved": "https://registry.npmjs.org/is-binary-path/-/is-binary-path-2.1.0.tgz",
            "integrity": "sha512-ZMERYes6pDydyuGidse7OsHxtbI7WVeUEozgR/g7rd0xUimYNlvZRE/K2MgZTjWy725IfelLeVcEM97mmtRGXw==",
            "dependencies": {
                "binary-extensions": "^2.0.0"
            },
            "engines": {
                "node": ">=8"
            }
        },
        "node_modules/is-extglob": {
            "version": "2.1.1",
            "resolved": "https://registry.npmjs.org/is-extglob/-/is-extglob-2.1.1.tgz",
            "integrity": "sha512-SbKbANkN603Vi4jEZv49LeVJMn4yGwsbzZworEoyEiutsN3nJYdbO36zfhGJ6QEDpOZIFkDtnq5JRxmvl3jsoQ==",
            "engines": {
                "node": ">=0.10.0"
            }
        },
        "node_modules/is-glob": {
            "version": "4.0.3",
            "resolved": "https://registry.npmjs.org/is-glob/-/is-glob-4.0.3.tgz",
            "integrity": "sha512-xelSayHH36ZgE7ZWhli7pW34hNbNl8Ojv5KVmkJD4hBdD3th8Tfk9vYasLM+mXWOZhFkgZfxhLSnrwRr4elSSg==",
            "dependencies": {
                "is-extglob": "^2.1.1"
            },
            "engines": {
                "node": ">=0.10.0"
            }
        },
        "node_modules/is-number": {
            "version": "7.0.0",
            "resolved": "https://registry.npmjs.org/is-number/-/is-number-7.0.0.tgz",
            "integrity": "sha512-41Cifkg6e8TylSpdtTpeLVMqvSBEVzTttHvERD741+pnZ8ANv0004MRL43QKPDlK9cGvNp6NZWZUBlbGXYxxng==",
            "engines": {
                "node": ">=0.12.0"
            }
        },
        "node_modules/json-schema-traverse": {
            "version": "1.0.0",
            "resolved": "https://registry.npmjs.org/json-schema-traverse/-/json-schema-traverse-1.0.0.tgz",
            "integrity": "sha512-NM8/P9n3XjXhIZn1lLhkFaACTOURQXjWhV4BA/RnOv8xvgqtqpAX9IO4mRQxSx1Rlo4tqzeqb0sOlruaOy3dug=="
        },
        "node_modules/lodash.castarray": {
            "version": "4.4.0",
            "resolved": "https://registry.npmjs.org/lodash.castarray/-/lodash.castarray-4.4.0.tgz",
            "integrity": "sha512-aVx8ztPv7/2ULbArGJ2Y42bG1mEQ5mGjpdvrbJcJFU3TbYybe+QlLS4pst9zV52ymy2in1KpFPiZnAOATxD4+Q=="
        },
        "node_modules/lodash.clonedeep": {
            "version": "4.5.0",
            "resolved": "https://registry.npmjs.org/lodash.clonedeep/-/lodash.clonedeep-4.5.0.tgz",
            "integrity": "sha512-H5ZhCF25riFd9uB5UCkVKo61m3S/xZk1x4wA6yp/L3RFP6Z/eHH1ymQcGLo7J3GMPfm0V/7m1tryHuGVxpqEBQ=="
        },
        "node_modules/lodash.get": {
            "version": "4.4.2",
            "resolved": "https://registry.npmjs.org/lodash.get/-/lodash.get-4.4.2.tgz",
            "integrity": "sha512-z+Uw/vLuy6gQe8cfaFWD7p0wVv8fJl3mbzXh33RS+0oW2wvUqiRXiQ69gLWSLpgB5/6sU+r6BlQR0MBILadqTQ=="
        },
        "node_modules/lodash.has": {
            "version": "4.5.2",
            "resolved": "https://registry.npmjs.org/lodash.has/-/lodash.has-4.5.2.tgz",
            "integrity": "sha512-rnYUdIo6xRCJnQmbVFEwcxF144erlD+M3YcJUVesflU9paQaE8p+fJDcIQrlMYbxoANFL+AB9hZrzSBBk5PL+g=="
        },
        "node_modules/lodash.reject": {
            "version": "4.6.0",
            "resolved": "https://registry.npmjs.org/lodash.reject/-/lodash.reject-4.6.0.tgz",
            "integrity": "sha512-qkTuvgEzYdyhiJBx42YPzPo71R1aEr0z79kAv7Ixg8wPFEjgRgJdUsGMG3Hf3OYSF/kHI79XhNlt+5Ar6OzwxQ=="
        },
        "node_modules/lru-cache": {
            "version": "6.0.0",
            "resolved": "https://registry.npmjs.org/lru-cache/-/lru-cache-6.0.0.tgz",
            "integrity": "sha512-Jo6dJ04CmSjuznwJSS3pUeWmd/H0ffTlkXXgwZi+eq1UCmqQwCh+eLsYOYCwY991i2Fah4h1BEMCx4qThGbsiA==",
            "dependencies": {
                "yallist": "^4.0.0"
            },
            "engines": {
                "node": ">=10"
            }
        },
        "node_modules/minimist": {
            "version": "1.2.6",
            "resolved": "https://registry.npmjs.org/minimist/-/minimist-1.2.6.tgz",
            "integrity": "sha512-Jsjnk4bw3YJqYzbdyBiNsPWHPfO++UGG749Cxs6peCu5Xg4nrena6OVxOYxrQTqww0Jmwt+Ref8rggumkTLz9Q=="
        },
        "node_modules/neo-async": {
            "version": "2.6.2",
            "resolved": "https://registry.npmjs.org/neo-async/-/neo-async-2.6.2.tgz",
            "integrity": "sha512-Yd3UES5mWCSqR+qNT93S3UoYUkqAZ9lLg8a7g9rimsWmYGK8cVToA4/sF3RrshdyV3sAGMXVUmpMYOw+dLpOuw=="
        },
        "node_modules/normalize-path": {
            "version": "3.0.0",
            "resolved": "https://registry.npmjs.org/normalize-path/-/normalize-path-3.0.0.tgz",
            "integrity": "sha512-6eZs5Ls3WtCisHWp9S2GUy8dqkpGi4BVSz3GaqiE6ezub0512ESztXUwUB6C6IKbQkY2Pnb/mD4WYojCRwcwLA==",
            "engines": {
                "node": ">=0.10.0"
            }
        },
        "node_modules/picomatch": {
            "version": "2.3.1",
            "resolved": "https://registry.npmjs.org/picomatch/-/picomatch-2.3.1.tgz",
            "integrity": "sha512-JU3teHTNjmE2VCGFzuY8EXzCDVwEqB2a8fsIvwaStHhAWJEeVd1o1QD80CU6+ZdEXXSLbSsuLwJjkCBWqRQUVA==",
            "engines": {
                "node": ">=8.6"
            },
            "funding": {
                "url": "https://github.com/sponsors/jonschlinkert"
            }
        },
        "node_modules/punycode": {
            "version": "2.1.1",
            "resolved": "https://registry.npmjs.org/punycode/-/punycode-2.1.1.tgz",
            "integrity": "sha512-XRsRjdf+j5ml+y/6GKHPZbrF/8p2Yga0JPtdqTIY2Xe5ohJPD9saDJJLPvp9+NSBprVvevdXZybnj2cv8OEd0A==",
            "engines": {
                "node": ">=6"
            }
        },
        "node_modules/readdirp": {
            "version": "3.6.0",
            "resolved": "https://registry.npmjs.org/readdirp/-/readdirp-3.6.0.tgz",
            "integrity": "sha512-hOS089on8RduqdbhvQ5Z37A0ESjsqz6qnRcffsMU3495FuTdqSm+7bhJ29JvIOsBDEEnan5DPu9t3To9VRlMzA==",
            "dependencies": {
                "picomatch": "^2.2.1"
            },
            "engines": {
                "node": ">=8.10.0"
            }
        },
        "node_modules/require-from-string": {
            "version": "2.0.2",
            "resolved": "https://registry.npmjs.org/require-from-string/-/require-from-string-2.0.2.tgz",
            "integrity": "sha512-Xf0nWe6RseziFMu+Ap9biiUbmplq6S9/p+7w7YXP/JBHhrUDDUhwa+vANyubuqfZWTveU//DYVGsDG7RKL/vEw==",
            "engines": {
                "node": ">=0.10.0"
            }
        },
        "node_modules/semver": {
            "version": "7.3.7",
            "resolved": "https://registry.npmjs.org/semver/-/semver-7.3.7.tgz",
            "integrity": "sha512-QlYTucUYOews+WeEujDoEGziz4K6c47V/Bd+LjSSYcA94p+DmINdf7ncaUinThfvZyu13lN9OY1XDxt8C0Tw0g==",
            "dependencies": {
                "lru-cache": "^6.0.0"
            },
            "bin": {
                "semver": "bin/semver.js"
            },
            "engines": {
                "node": ">=10"
            }
        },
        "node_modules/source-map": {
            "version": "0.6.1",
            "resolved": "https://registry.npmjs.org/source-map/-/source-map-0.6.1.tgz",
            "integrity": "sha512-UjgapumWlbMhkBgzT7Ykc5YXUT46F0iKu8SGXq0bcwP5dz/h0Plj6enJqjz1Zbq2l5WaqYnrVbwWOWMyF3F47g==",
            "engines": {
                "node": ">=0.10.0"
            }
        },
        "node_modules/state-machine-cat": {
            "version": "9.2.5",
            "resolved": "https://registry.npmjs.org/state-machine-cat/-/state-machine-cat-9.2.5.tgz",
            "integrity": "sha512-HyPgjsjDS18YTLsOjB3NaNcnbFo14qUjWZZGZCb3IQhGVAq35wi6leE80trD2br1O9vOalfOWSk3pD8m6U6VuQ==",
            "dependencies": {
                "ajv": "8.11.0",
                "chalk": "5.0.1",
                "commander": "9.2.0",
                "fast-xml-parser": "3.21.1",
                "get-stream": "6.0.1",
                "handlebars": "4.7.7",
                "he": "1.2.0",
                "indent-string": "5.0.0",
                "lodash.castarray": "4.4.0",
                "lodash.clonedeep": "4.5.0",
                "lodash.get": "4.4.2",
                "lodash.has": "4.5.2",
                "lodash.reject": "4.6.0",
                "semver": "^7.3.7",
                "viz.js": "1.8.2",
                "wrap-ansi": "8.0.1"
            },
            "bin": {
                "sm_cat": "bin/smcat.mjs",
                "sm-cat": "bin/smcat.mjs",
                "smcat": "bin/smcat.mjs",
                "state-machine-cat": "bin/smcat.mjs"
            },
            "engines": {
                "node": "^12.20||^14.13.1||>=16"
            }
        },
        "node_modules/string-width": {
            "version": "5.1.2",
            "resolved": "https://registry.npmjs.org/string-width/-/string-width-5.1.2.tgz",
            "integrity": "sha512-HnLOCR3vjcY8beoNLtcjZ5/nxn2afmME6lhrDrebokqMap+XbeW8n9TXpPDOqdGK5qcI3oT0GKTW6wC7EMiVqA==",
            "dependencies": {
                "eastasianwidth": "^0.2.0",
                "emoji-regex": "^9.2.2",
                "strip-ansi": "^7.0.1"
            },
            "engines": {
                "node": ">=12"
            },
            "funding": {
                "url": "https://github.com/sponsors/sindresorhus"
            }
        },
        "node_modules/strip-ansi": {
            "version": "7.0.1",
            "resolved": "https://registry.npmjs.org/strip-ansi/-/strip-ansi-7.0.1.tgz",
            "integrity": "sha512-cXNxvT8dFNRVfhVME3JAe98mkXDYN2O1l7jmcwMnOslDeESg1rF/OZMtK0nRAhiari1unG5cD4jG3rapUAkLbw==",
            "dependencies": {
                "ansi-regex": "^6.0.1"
            },
            "engines": {
                "node": ">=12"
            },
            "funding": {
                "url": "https://github.com/chalk/strip-ansi?sponsor=1"
            }
        },
        "node_modules/strnum": {
            "version": "1.0.5",
            "resolved": "https://registry.npmjs.org/strnum/-/strnum-1.0.5.tgz",
            "integrity": "sha512-J8bbNyKKXl5qYcR36TIO8W3mVGVHrmmxsd5PAItGkmyzwJvybiw2IVq5nqd0i4LSNSkB/sx9VHllbfFdr9k1JA=="
        },
        "node_modules/to-regex-range": {
            "version": "5.0.1",
            "resolved": "https://registry.npmjs.org/to-regex-range/-/to-regex-range-5.0.1.tgz",
            "integrity": "sha512-65P7iz6X5yEr1cwcgvQxbbIw7Uk3gOy5dIdtZ4rDveLqhrdJP+Li/Hx6tyK0NEb+2GCyneCMJiGqrADCSNk8sQ==",
            "dependencies": {
                "is-number": "^7.0.0"
            },
            "engines": {
                "node": ">=8.0"
            }
        },
        "node_modules/uglify-js": {
            "version": "3.17.0",
            "resolved": "https://registry.npmjs.org/uglify-js/-/uglify-js-3.17.0.tgz",
            "integrity": "sha512-aTeNPVmgIMPpm1cxXr2Q/nEbvkmV8yq66F3om7X3P/cvOXQ0TMQ64Wk63iyT1gPlmdmGzjGpyLh1f3y8MZWXGg==",
            "optional": true,
            "bin": {
                "uglifyjs": "bin/uglifyjs"
            },
            "engines": {
                "node": ">=0.8.0"
            }
        },
        "node_modules/uri-js": {
            "version": "4.4.1",
            "resolved": "https://registry.npmjs.org/uri-js/-/uri-js-4.4.1.tgz",
            "integrity": "sha512-7rKUyy33Q1yc98pQ1DAmLtwX109F7TIfWlW1Ydo8Wl1ii1SeHieeh0HHfPeL2fMXK6z0s8ecKs9frCuLJvndBg==",
            "dependencies": {
                "punycode": "^2.1.0"
            }
        },
        "node_modules/viz.js": {
            "version": "1.8.2",
            "resolved": "https://registry.npmjs.org/viz.js/-/viz.js-1.8.2.tgz",
            "integrity": "sha512-W+1+N/hdzLpQZEcvz79n2IgUE9pfx6JLdHh3Kh8RGvLL8P1LdJVQmi2OsDcLdY4QVID4OUy+FPelyerX0nJxIQ==",
            "deprecated": "no longer supported"
        },
        "node_modules/wordwrap": {
            "version": "1.0.0",
            "resolved": "https://registry.npmjs.org/wordwrap/-/wordwrap-1.0.0.tgz",
            "integrity": "sha512-gvVzJFlPycKc5dZN4yPkP8w7Dc37BtP1yczEneOb4uq34pXZcvrtRTmWV8W+Ume+XCxKgbjM+nevkyFPMybd4Q=="
        },
        "node_modules/wrap-ansi": {
            "version": "8.0.1",
            "resolved": "https://registry.npmjs.org/wrap-ansi/-/wrap-ansi-8.0.1.tgz",
            "integrity": "sha512-QFF+ufAqhoYHvoHdajT/Po7KoXVBPXS2bgjIam5isfWJPfIOnQZ50JtUiVvCv/sjgacf3yRrt2ZKUZ/V4itN4g==",
            "dependencies": {
                "ansi-styles": "^6.1.0",
                "string-width": "^5.0.1",
                "strip-ansi": "^7.0.1"
            },
            "engines": {
                "node": ">=12"
            },
            "funding": {
                "url": "https://github.com/chalk/wrap-ansi?sponsor=1"
            }
        },
        "node_modules/yallist": {
            "version": "4.0.0",
            "resolved": "https://registry.npmjs.org/yallist/-/yallist-4.0.0.tgz",
            "integrity": "sha512-3wdGidZyq5PB084XLES5TpOSRA3wjXAlIWMhum2kRcv/41Sn2emQ0dycQW4uZXLejwKvg6EsvbdlVL+FYEct7A=="
        }
    },
    "dependencies": {
        "ajv": {
            "version": "8.11.0",
            "resolved": "https://registry.npmjs.org/ajv/-/ajv-8.11.0.tgz",
            "integrity": "sha512-wGgprdCvMalC0BztXvitD2hC04YffAvtsUn93JbGXYLAtCUO4xd17mCCZQxUOItiBwZvJScWo8NIvQMQ71rdpg==",
            "requires": {
                "fast-deep-equal": "^3.1.1",
                "json-schema-traverse": "^1.0.0",
                "require-from-string": "^2.0.2",
                "uri-js": "^4.2.2"
            }
        },
        "ansi-regex": {
            "version": "6.0.1",
            "resolved": "https://registry.npmjs.org/ansi-regex/-/ansi-regex-6.0.1.tgz",
            "integrity": "sha512-n5M855fKb2SsfMIiFFoVrABHJC8QtHwVx+mHWP3QcEqBHYienj5dHSgjbxtC0WEZXYt4wcD6zrQElDPhFuZgfA=="
        },
        "ansi-styles": {
            "version": "6.1.0",
            "resolved": "https://registry.npmjs.org/ansi-styles/-/ansi-styles-6.1.0.tgz",
            "integrity": "sha512-VbqNsoz55SYGczauuup0MFUyXNQviSpFTj1RQtFzmQLk18qbVSpTFFGMT293rmDaQuKCT6InmbuEyUne4mTuxQ=="
        },
        "antlr4": {
            "version": "4.10.1",
            "resolved": "https://registry.npmjs.org/antlr4/-/antlr4-4.10.1.tgz",
            "integrity": "sha512-fmxidcOwmktzHUD+tz8y/zKLI/NfVAB0+MOvnFUBzo8ToFnphK8JY88oOJeRdhnTrAhjtu45bvxddzbb8nMeIA=="
        },
        "anymatch": {
            "version": "3.1.2",
            "resolved": "https://registry.npmjs.org/anymatch/-/anymatch-3.1.2.tgz",
            "integrity": "sha512-P43ePfOAIupkguHUycrc4qJ9kz8ZiuOUijaETwX7THt0Y/GNK7v0aa8rY816xWjZ7rJdA5XdMcpVFTKMq+RvWg==",
            "requires": {
                "normalize-path": "^3.0.0",
                "picomatch": "^2.0.4"
            }
        },
        "binary-extensions": {
            "version": "2.2.0",
            "resolved": "https://registry.npmjs.org/binary-extensions/-/binary-extensions-2.2.0.tgz",
            "integrity": "sha512-jDctJ/IVQbZoJykoeHbhXpOlNBqGNcwXJKJog42E5HDPUwQTSdjCHdihjj0DlnheQ7blbT6dHOafNAiS8ooQKA=="
        },
        "braces": {
            "version": "3.0.2",
            "resolved": "https://registry.npmjs.org/braces/-/braces-3.0.2.tgz",
            "integrity": "sha512-b8um+L1RzM3WDSzvhm6gIz1yfTbBt6YTlcEKAvsmqCZZFw46z626lVj9j1yEPW33H5H+lBQpZMP1k8l+78Ha0A==",
            "requires": {
                "fill-range": "^7.0.1"
            }
        },
        "chalk": {
            "version": "5.0.1",
            "resolved": "https://registry.npmjs.org/chalk/-/chalk-5.0.1.tgz",
            "integrity": "sha512-Fo07WOYGqMfCWHOzSXOt2CxDbC6skS/jO9ynEcmpANMoPrD+W1r1K6Vx7iNm+AQmETU1Xr2t+n8nzkV9t6xh3w=="
        },
        "chokidar": {
            "version": "3.5.3",
            "resolved": "https://registry.npmjs.org/chokidar/-/chokidar-3.5.3.tgz",
            "integrity": "sha512-Dr3sfKRP6oTcjf2JmUmFJfeVMvXBdegxB0iVQ5eb2V10uFJUCAS8OByZdVAyVb8xXNz3GjjTgj9kLWsZTqE6kw==",
            "requires": {
                "anymatch": "~3.1.2",
                "braces": "~3.0.2",
                "fsevents": "~2.3.2",
                "glob-parent": "~5.1.2",
                "is-binary-path": "~2.1.0",
                "is-glob": "~4.0.1",
                "normalize-path": "~3.0.0",
                "readdirp": "~3.6.0"
            }
        },
        "commander": {
            "version": "9.2.0",
            "resolved": "https://registry.npmjs.org/commander/-/commander-9.2.0.tgz",
            "integrity": "sha512-e2i4wANQiSXgnrBlIatyHtP1odfUp0BbV5Y5nEGbxtIrStkEOAAzCUirvLBNXHLr7kwLvJl6V+4V3XV9x7Wd9w=="
        },
        "eastasianwidth": {
            "version": "0.2.0",
            "resolved": "https://registry.npmjs.org/eastasianwidth/-/eastasianwidth-0.2.0.tgz",
            "integrity": "sha512-I88TYZWc9XiYHRQ4/3c5rjjfgkjhLyW2luGIheGERbNQ6OY7yTybanSpDXZa8y7VUP9YmDcYa+eyq4ca7iLqWA=="
        },
        "emoji-regex": {
            "version": "9.2.2",
            "resolved": "https://registry.npmjs.org/emoji-regex/-/emoji-regex-9.2.2.tgz",
            "integrity": "sha512-L18DaJsXSUk2+42pv8mLs5jJT2hqFkFE4j21wOmgbUqsZ2hL72NsUU785g9RXgo3s0ZNgVl42TiHp3ZtOv/Vyg=="
        },
        "fast-deep-equal": {
            "version": "3.1.3",
            "resolved": "https://registry.npmjs.org/fast-deep-equal/-/fast-deep-equal-3.1.3.tgz",
            "integrity": "sha512-f3qQ9oQy9j2AhBe/H9VC91wLmKBCCU/gDOnKNAYG5hswO7BLKj09Hc5HYNz9cGI++xlpDCIgDaitVs03ATR84Q=="
        },
        "fast-xml-parser": {
            "version": "3.21.1",
            "resolved": "https://registry.npmjs.org/fast-xml-parser/-/fast-xml-parser-3.21.1.tgz",
            "integrity": "sha512-FTFVjYoBOZTJekiUsawGsSYV9QL0A+zDYCRj7y34IO6Jg+2IMYEtQa+bbictpdpV8dHxXywqU7C0gRDEOFtBFg==",
            "requires": {
                "strnum": "^1.0.4"
            }
        },
        "fill-range": {
            "version": "7.0.1",
            "resolved": "https://registry.npmjs.org/fill-range/-/fill-range-7.0.1.tgz",
            "integrity": "sha512-qOo9F+dMUmC2Lcb4BbVvnKJxTPjCm+RRpe4gDuGrzkL7mEVl/djYSu2OdQ2Pa302N4oqkSg9ir6jaLWJ2USVpQ==",
            "requires": {
                "to-regex-range": "^5.0.1"
            }
        },
        "fsevents": {
            "version": "2.3.2",
            "resolved": "https://registry.npmjs.org/fsevents/-/fsevents-2.3.2.tgz",
            "integrity": "sha512-xiqMQR4xAeHTuB9uWm+fFRcIOgKBMiOBP+eXiyT7jsgVCq1bkVygt00oASowB7EdtpOHaaPgKt812P9ab+DDKA==",
            "optional": true
        },
        "get-stream": {
            "version": "6.0.1",
            "resolved": "https://registry.npmjs.org/get-stream/-/get-stream-6.0.1.tgz",
            "integrity": "sha512-ts6Wi+2j3jQjqi70w5AlN8DFnkSwC+MqmxEzdEALB2qXZYV3X/b1CTfgPLGJNMeAWxdPfU8FO1ms3NUfaHCPYg=="
        },
        "glob-parent": {
            "version": "5.1.2",
            "resolved": "https://registry.npmjs.org/glob-parent/-/glob-parent-5.1.2.tgz",
            "integrity": "sha512-AOIgSQCepiJYwP3ARnGx+5VnTu2HBYdzbGP45eLw1vr3zB3vZLeyed1sC9hnbcOc9/SrMyM5RPQrkGz4aS9Zow==",
            "requires": {
                "is-glob": "^4.0.1"
            }
        },
        "handlebars": {
            "version": "4.7.7",
            "resolved": "https://registry.npmjs.org/handlebars/-/handlebars-4.7.7.tgz",
            "integrity": "sha512-aAcXm5OAfE/8IXkcZvCepKU3VzW1/39Fb5ZuqMtgI/hT8X2YgoMvBY5dLhq/cpOvw7Lk1nK/UF71aLG/ZnVYRA==",
            "requires": {
                "minimist": "^1.2.5",
                "neo-async": "^2.6.0",
                "source-map": "^0.6.1",
                "uglify-js": "^3.1.4",
                "wordwrap": "^1.0.0"
            }
        },
        "he": {
            "version": "1.2.0",
            "resolved": "https://registry.npmjs.org/he/-/he-1.2.0.tgz",
            "integrity": "sha512-F/1DnUGPopORZi0ni+CvrCgHQ5FyEAHRLSApuYWMmrbSwoN2Mn/7k+Gl38gJnR7yyDZk6WLXwiGod1JOWNDKGw=="
        },
        "indent-string": {
            "version": "5.0.0",
            "resolved": "https://registry.npmjs.org/indent-string/-/indent-string-5.0.0.tgz",
            "integrity": "sha512-m6FAo/spmsW2Ab2fU35JTYwtOKa2yAwXSwgjSv1TJzh4Mh7mC3lzAOVLBprb72XsTrgkEIsl7YrFNAiDiRhIGg=="
        },
        "is-binary-path": {
            "version": "2.1.0",
            "resolved": "https://registry.npmjs.org/is-binary-path/-/is-binary-path-2.1.0.tgz",
            "integrity": "sha512-ZMERYes6pDydyuGidse7OsHxtbI7WVeUEozgR/g7rd0xUimYNlvZRE/K2MgZTjWy725IfelLeVcEM97mmtRGXw==",
            "requires": {
                "binary-extensions": "^2.0.0"
            }
        },
        "is-extglob": {
            "version": "2.1.1",
            "resolved": "https://registry.npmjs.org/is-extglob/-/is-extglob-2.1.1.tgz",
            "integrity": "sha512-SbKbANkN603Vi4jEZv49LeVJMn4yGwsbzZworEoyEiutsN3nJYdbO36zfhGJ6QEDpOZIFkDtnq5JRxmvl3jsoQ=="
        },
        "is-glob": {
            "version": "4.0.3",
            "resolved": "https://registry.npmjs.org/is-glob/-/is-glob-4.0.3.tgz",
            "integrity": "sha512-xelSayHH36ZgE7ZWhli7pW34hNbNl8Ojv5KVmkJD4hBdD3th8Tfk9vYasLM+mXWOZhFkgZfxhLSnrwRr4elSSg==",
            "requires": {
                "is-extglob": "^2.1.1"
            }
        },
        "is-number": {
            "version": "7.0.0",
            "resolved": "https://registry.npmjs.org/is-number/-/is-number-7.0.0.tgz",
            "integrity": "sha512-41Cifkg6e8TylSpdtTpeLVMqvSBEVzTttHvERD741+pnZ8ANv0004MRL43QKPDlK9cGvNp6NZWZUBlbGXYxxng=="
        },
        "json-schema-traverse": {
            "version": "1.0.0",
            "resolved": "https://registry.npmjs.org/json-schema-traverse/-/json-schema-traverse-1.0.0.tgz",
            "integrity": "sha512-NM8/P9n3XjXhIZn1lLhkFaACTOURQXjWhV4BA/RnOv8xvgqtqpAX9IO4mRQxSx1Rlo4tqzeqb0sOlruaOy3dug=="
        },
        "lodash.castarray": {
            "version": "4.4.0",
            "resolved": "https://registry.npmjs.org/lodash.castarray/-/lodash.castarray-4.4.0.tgz",
            "integrity": "sha512-aVx8ztPv7/2ULbArGJ2Y42bG1mEQ5mGjpdvrbJcJFU3TbYybe+QlLS4pst9zV52ymy2in1KpFPiZnAOATxD4+Q=="
        },
        "lodash.clonedeep": {
            "version": "4.5.0",
            "resolved": "https://registry.npmjs.org/lodash.clonedeep/-/lodash.clonedeep-4.5.0.tgz",
            "integrity": "sha512-H5ZhCF25riFd9uB5UCkVKo61m3S/xZk1x4wA6yp/L3RFP6Z/eHH1ymQcGLo7J3GMPfm0V/7m1tryHuGVxpqEBQ=="
        },
        "lodash.get": {
            "version": "4.4.2",
            "resolved": "https://registry.npmjs.org/lodash.get/-/lodash.get-4.4.2.tgz",
            "integrity": "sha512-z+Uw/vLuy6gQe8cfaFWD7p0wVv8fJl3mbzXh33RS+0oW2wvUqiRXiQ69gLWSLpgB5/6sU+r6BlQR0MBILadqTQ=="
        },
        "lodash.has": {
            "version": "4.5.2",
            "resolved": "https://registry.npmjs.org/lodash.has/-/lodash.has-4.5.2.tgz",
            "integrity": "sha512-rnYUdIo6xRCJnQmbVFEwcxF144erlD+M3YcJUVesflU9paQaE8p+fJDcIQrlMYbxoANFL+AB9hZrzSBBk5PL+g=="
        },
        "lodash.reject": {
            "version": "4.6.0",
            "resolved": "https://registry.npmjs.org/lodash.reject/-/lodash.reject-4.6.0.tgz",
            "integrity": "sha512-qkTuvgEzYdyhiJBx42YPzPo71R1aEr0z79kAv7Ixg8wPFEjgRgJdUsGMG3Hf3OYSF/kHI79XhNlt+5Ar6OzwxQ=="
        },
        "lru-cache": {
            "version": "6.0.0",
            "resolved": "https://registry.npmjs.org/lru-cache/-/lru-cache-6.0.0.tgz",
            "integrity": "sha512-Jo6dJ04CmSjuznwJSS3pUeWmd/H0ffTlkXXgwZi+eq1UCmqQwCh+eLsYOYCwY991i2Fah4h1BEMCx4qThGbsiA==",
            "requires": {
                "yallist": "^4.0.0"
            }
        },
        "minimist": {
            "version": "1.2.6",
            "resolved": "https://registry.npmjs.org/minimist/-/minimist-1.2.6.tgz",
            "integrity": "sha512-Jsjnk4bw3YJqYzbdyBiNsPWHPfO++UGG749Cxs6peCu5Xg4nrena6OVxOYxrQTqww0Jmwt+Ref8rggumkTLz9Q=="
        },
        "neo-async": {
            "version": "2.6.2",
            "resolved": "https://registry.npmjs.org/neo-async/-/neo-async-2.6.2.tgz",
            "integrity": "sha512-Yd3UES5mWCSqR+qNT93S3UoYUkqAZ9lLg8a7g9rimsWmYGK8cVToA4/sF3RrshdyV3sAGMXVUmpMYOw+dLpOuw=="
        },
        "normalize-path": {
            "version": "3.0.0",
            "resolved": "https://registry.npmjs.org/normalize-path/-/normalize-path-3.0.0.tgz",
            "integrity": "sha512-6eZs5Ls3WtCisHWp9S2GUy8dqkpGi4BVSz3GaqiE6ezub0512ESztXUwUB6C6IKbQkY2Pnb/mD4WYojCRwcwLA=="
        },
        "picomatch": {
            "version": "2.3.1",
            "resolved": "https://registry.npmjs.org/picomatch/-/picomatch-2.3.1.tgz",
            "integrity": "sha512-JU3teHTNjmE2VCGFzuY8EXzCDVwEqB2a8fsIvwaStHhAWJEeVd1o1QD80CU6+ZdEXXSLbSsuLwJjkCBWqRQUVA=="
        },
        "punycode": {
            "version": "2.1.1",
            "resolved": "https://registry.npmjs.org/punycode/-/punycode-2.1.1.tgz",
            "integrity": "sha512-XRsRjdf+j5ml+y/6GKHPZbrF/8p2Yga0JPtdqTIY2Xe5ohJPD9saDJJLPvp9+NSBprVvevdXZybnj2cv8OEd0A=="
        },
        "readdirp": {
            "version": "3.6.0",
            "resolved": "https://registry.npmjs.org/readdirp/-/readdirp-3.6.0.tgz",
            "integrity": "sha512-hOS089on8RduqdbhvQ5Z37A0ESjsqz6qnRcffsMU3495FuTdqSm+7bhJ29JvIOsBDEEnan5DPu9t3To9VRlMzA==",
            "requires": {
                "picomatch": "^2.2.1"
            }
        },
        "require-from-string": {
            "version": "2.0.2",
            "resolved": "https://registry.npmjs.org/require-from-string/-/require-from-string-2.0.2.tgz",
            "integrity": "sha512-Xf0nWe6RseziFMu+Ap9biiUbmplq6S9/p+7w7YXP/JBHhrUDDUhwa+vANyubuqfZWTveU//DYVGsDG7RKL/vEw=="
        },
        "semver": {
            "version": "7.3.7",
            "resolved": "https://registry.npmjs.org/semver/-/semver-7.3.7.tgz",
            "integrity": "sha512-QlYTucUYOews+WeEujDoEGziz4K6c47V/Bd+LjSSYcA94p+DmINdf7ncaUinThfvZyu13lN9OY1XDxt8C0Tw0g==",
            "requires": {
                "lru-cache": "^6.0.0"
            }
        },
        "source-map": {
            "version": "0.6.1",
            "resolved": "https://registry.npmjs.org/source-map/-/source-map-0.6.1.tgz",
            "integrity": "sha512-UjgapumWlbMhkBgzT7Ykc5YXUT46F0iKu8SGXq0bcwP5dz/h0Plj6enJqjz1Zbq2l5WaqYnrVbwWOWMyF3F47g=="
        },
        "state-machine-cat": {
            "version": "9.2.5",
            "resolved": "https://registry.npmjs.org/state-machine-cat/-/state-machine-cat-9.2.5.tgz",
            "integrity": "sha512-HyPgjsjDS18YTLsOjB3NaNcnbFo14qUjWZZGZCb3IQhGVAq35wi6leE80trD2br1O9vOalfOWSk3pD8m6U6VuQ==",
            "requires": {
                "ajv": "8.11.0",
                "chalk": "5.0.1",
                "commander": "9.2.0",
                "fast-xml-parser": "3.21.1",
                "get-stream": "6.0.1",
                "handlebars": "4.7.7",
                "he": "1.2.0",
                "indent-string": "5.0.0",
                "lodash.castarray": "4.4.0",
                "lodash.clonedeep": "4.5.0",
                "lodash.get": "4.4.2",
                "lodash.has": "4.5.2",
                "lodash.reject": "4.6.0",
                "semver": "^7.3.7",
                "viz.js": "1.8.2",
                "wrap-ansi": "8.0.1"
            }
        },
        "string-width": {
            "version": "5.1.2",
            "resolved": "https://registry.npmjs.org/string-width/-/string-width-5.1.2.tgz",
            "integrity": "sha512-HnLOCR3vjcY8beoNLtcjZ5/nxn2afmME6lhrDrebokqMap+XbeW8n9TXpPDOqdGK5qcI3oT0GKTW6wC7EMiVqA==",
            "requires": {
                "eastasianwidth": "^0.2.0",
                "emoji-regex": "^9.2.2",
                "strip-ansi": "^7.0.1"
            }
        },
        "strip-ansi": {
            "version": "7.0.1",
            "resolved": "https://registry.npmjs.org/strip-ansi/-/strip-ansi-7.0.1.tgz",
            "integrity": "sha512-cXNxvT8dFNRVfhVME3JAe98mkXDYN2O1l7jmcwMnOslDeESg1rF/OZMtK0nRAhiari1unG5cD4jG3rapUAkLbw==",
            "requires": {
                "ansi-regex": "^6.0.1"
            }
        },
        "strnum": {
            "version": "1.0.5",
            "resolved": "https://registry.npmjs.org/strnum/-/strnum-1.0.5.tgz",
            "integrity": "sha512-J8bbNyKKXl5qYcR36TIO8W3mVGVHrmmxsd5PAItGkmyzwJvybiw2IVq5nqd0i4LSNSkB/sx9VHllbfFdr9k1JA=="
        },
        "to-regex-range": {
            "version": "5.0.1",
            "resolved": "https://registry.npmjs.org/to-regex-range/-/to-regex-range-5.0.1.tgz",
            "integrity": "sha512-65P7iz6X5yEr1cwcgvQxbbIw7Uk3gOy5dIdtZ4rDveLqhrdJP+Li/Hx6tyK0NEb+2GCyneCMJiGqrADCSNk8sQ==",
            "requires": {
                "is-number": "^7.0.0"
            }
        },
        "uglify-js": {
            "version": "3.17.0",
            "resolved": "https://registry.npmjs.org/uglify-js/-/uglify-js-3.17.0.tgz",
            "integrity": "sha512-aTeNPVmgIMPpm1cxXr2Q/nEbvkmV8yq66F3om7X3P/cvOXQ0TMQ64Wk63iyT1gPlmdmGzjGpyLh1f3y8MZWXGg==",
            "optional": true
        },
        "uri-js": {
            "version": "4.4.1",
            "resolved": "https://registry.npmjs.org/uri-js/-/uri-js-4.4.1.tgz",
            "integrity": "sha512-7rKUyy33Q1yc98pQ1DAmLtwX109F7TIfWlW1Ydo8Wl1ii1SeHieeh0HHfPeL2fMXK6z0s8ecKs9frCuLJvndBg==",
            "requires": {
                "punycode": "^2.1.0"
            }
        },
        "viz.js": {
            "version": "1.8.2",
            "resolved": "https://registry.npmjs.org/viz.js/-/viz.js-1.8.2.tgz",
            "integrity": "sha512-W+1+N/hdzLpQZEcvz79n2IgUE9pfx6JLdHh3Kh8RGvLL8P1LdJVQmi2OsDcLdY4QVID4OUy+FPelyerX0nJxIQ=="
        },
        "wordwrap": {
            "version": "1.0.0",
            "resolved": "https://registry.npmjs.org/wordwrap/-/wordwrap-1.0.0.tgz",
            "integrity": "sha512-gvVzJFlPycKc5dZN4yPkP8w7Dc37BtP1yczEneOb4uq34pXZcvrtRTmWV8W+Ume+XCxKgbjM+nevkyFPMybd4Q=="
        },
        "wrap-ansi": {
            "version": "8.0.1",
            "resolved": "https://registry.npmjs.org/wrap-ansi/-/wrap-ansi-8.0.1.tgz",
            "integrity": "sha512-QFF+ufAqhoYHvoHdajT/Po7KoXVBPXS2bgjIam5isfWJPfIOnQZ50JtUiVvCv/sjgacf3yRrt2ZKUZ/V4itN4g==",
            "requires": {
                "ansi-styles": "^6.1.0",
                "string-width": "^5.0.1",
                "strip-ansi": "^7.0.1"
            }
        },
        "yallist": {
            "version": "4.0.0",
            "resolved": "https://registry.npmjs.org/yallist/-/yallist-4.0.0.tgz",
            "integrity": "sha512-3wdGidZyq5PB084XLES5TpOSRA3wjXAlIWMhum2kRcv/41Sn2emQ0dycQW4uZXLejwKvg6EsvbdlVL+FYEct7A=="
        }
    }
}
